{
  "originHash" : "84c69d6d84348830b3d0dc5edc8d320ac7e37c7a30eb8149694eda0d15694ead",
  "pins" : [
    {
      "identity" : "yams",
      "kind" : "remoteSourceControl",
      "location" : "https://github.com/jpsim/Yams.git",
      "state" : {
        "revision" : "3d6871d5b4a5cd519adf233fbb576e0a2af71c17",
        "version" : "5.4.0"
      }
    }
  ],
  "version" : 3
}
